<?xml version="1.0" encoding="utf-8"?>
<Project ToolsVersion="4.0" xmlns="http://schemas.microsoft.com/developer/msbuild/2003">
  <ItemGroup>
    <Filter Include="Source Files">
      <UniqueIdentifier>{4FC737F1-C7A5-4376-A066-2A32D752A2FF}</UniqueIdentifier>
      <Extensions>cpp;c;cc;cxx;c++;cppm;ixx;def;odl;idl;hpj;bat;asm;asmx</Extensions>
    </Filter>
    <Filter Include="Header Files">
      <UniqueIdentifier>{93995380-89BD-4b04-88EB-625FBE52EBFB}</UniqueIdentifier>
      <Extensions>h;hh;hpp;hxx;h++;hm;inl;inc;ipp;xsd</Extensions>
    </Filter>
    <Filter Include="Resource Files">
      <UniqueIdentifier>{67DA6AB6-F800-4c08-8B7A-83BB121AAD01}</UniqueIdentifier>
      <Extensions>rc;ico;cur;bmp;dlg;rc2;rct;bin;rgs;gif;jpg;jpeg;jpe;resx;tiff;tif;png;wav;mfcribbon-ms</Extensions>
    </Filter>
  </ItemGroup>
  <ItemGroup>
    <ClInclude Include="framework.h">
      <Filter>Header Files</Filter>
    </ClInclude>
    <ClInclude Include="targetver.h">
      <Filter>Header Files</Filter>
    </ClInclude>
    <ClInclude Include="Resource.h">
      <Filter>Header Files</Filter>
    </ClInclude>
    <ClInclude Include="Reader.h">
      <Filter>Header Files</Filter>
    </ClInclude>
    <ClInclude Include="Advset.h">
      <Filter>Header Files</Filter>
    </ClInclude>
    <ClInclude Include="barcode.h">
      <Filter>Header Files</Filter>
    </ClInclude>
    <ClInclude Include="Book.h">
      <Filter>Header Files</Filter>
    </ClInclude>
    <ClInclude Include="BooksourceDlg.h">
      <Filter>Header Files</Filter>
    </ClInclude>
    <ClInclude Include="Cache.h">
      <Filter>Header Files</Filter>
    </ClInclude>
    <ClInclude Include="DisplaySet.h">
      <Filter>Header Files</Filter>
    </ClInclude>
    <ClInclude Include="DPIAwareness.h">
      <Filter>Header Files</Filter>
    </ClInclude>
    <ClInclude Include="dump.h">
      <Filter>Header Files</Filter>
    </ClInclude>
    <ClInclude Include="Editctrl.h">
      <Filter>Header Files</Filter>
    </ClInclude>
    <ClInclude Include="EpubBook.h">
      <Filter>Header Files</Filter>
    </ClInclude>
    <ClInclude Include="HtmlParser.h">
      <Filter>Header Files</Filter>
    </ClInclude>
    <ClInclude Include="Jsondata.h">
      <Filter>Header Files</Filter>
    </ClInclude>
    <ClInclude Include="Keyset.h">
      <Filter>Header Files</Filter>
    </ClInclude>
    <ClInclude Include="OnlineBook.h">
      <Filter>Header Files</Filter>
    </ClInclude>
    <ClInclude Include="OnlineDlg.h">
      <Filter>Header Files</Filter>
    </ClInclude>
    <ClInclude Include="Page.h">
      <Filter>Header Files</Filter>
    </ClInclude>
    <ClInclude Include="tagset.h">
      <Filter>Header Files</Filter>
    </ClInclude>
    <ClInclude Include="TextBook.h">
      <Filter>Header Files</Filter>
    </ClInclude>
    <ClInclude Include="types.h">
      <Filter>Header Files</Filter>
    </ClInclude>
    <ClInclude Include="Upgrade.h">
      <Filter>Header Files</Filter>
    </ClInclude>
    <ClInclude Include="Utils.h">
      <Filter>Header Files</Filter>
    </ClInclude>
    <ClInclude Include="..\opensrc\cjson\cJSON.h">
      <Filter>Header Files</Filter>
    </ClInclude>
    <ClInclude Include="MobiBook.h">
      <Filter>Header Files</Filter>
    </ClInclude>
  </ItemGroup>
  <ItemGroup>
    <ClCompile Include="Reader.cpp">
      <Filter>Source Files</Filter>
    </ClCompile>
    <ClCompile Include="Advset.cpp">
      <Filter>Source Files</Filter>
    </ClCompile>
    <ClCompile Include="Book.cpp">
      <Filter>Source Files</Filter>
    </ClCompile>
    <ClCompile Include="BooksourceDlg.cpp">
      <Filter>Source Files</Filter>
    </ClCompile>
    <ClCompile Include="Cache.cpp">
      <Filter>Source Files</Filter>
    </ClCompile>
    <ClCompile Include="DisplaySet.cpp">
      <Filter>Source Files</Filter>
    </ClCompile>
    <ClCompile Include="DPIAwareness.cpp">
      <Filter>Source Files</Filter>
    </ClCompile>
    <ClCompile Include="dump.cpp">
      <Filter>Source Files</Filter>
    </ClCompile>
    <ClCompile Include="Editctrl.cpp">
      <Filter>Source Files</Filter>
    </ClCompile>
    <ClCompile Include="EpubBook.cpp">
      <Filter>Source Files</Filter>
    </ClCompile>
    <ClCompile Include="HtmlParser.cpp">
      <Filter>Source Files</Filter>
    </ClCompile>
    <ClCompile Include="Jsondata.cpp">
      <Filter>Source Files</Filter>
    </ClCompile>
    <ClCompile Include="Keyset.cpp">
      <Filter>Source Files</Filter>
    </ClCompile>
    <ClCompile Include="OnlineBook.cpp">
      <Filter>Source Files</Filter>
    </ClCompile>
    <ClCompile Include="OnlineDlg.cpp">
      <Filter>Source Files</Filter>
    </ClCompile>
    <ClCompile Include="Page.cpp">
      <Filter>Source Files</Filter>
    </ClCompile>
    <ClCompile Include="tagset.cpp">
      <Filter>Source Files</Filter>
    </ClCompile>
    <ClCompile Include="TextBook.cpp">
      <Filter>Source Files</Filter>
    </ClCompile>
    <ClCompile Include="Upgrade.cpp">
      <Filter>Source Files</Filter>
    </ClCompile>
    <ClCompile Include="Utils.cpp">
      <Filter>Source Files</Filter>
    </ClCompile>
    <ClCompile Include="..\opensrc\cjson\cJSON.c">
      <Filter>Source Files</Filter>
    </ClCompile>
    <ClCompile Include="MobiBook.cpp">
      <Filter>Source Files</Filter>
    </ClCompile>
  </ItemGroup>
  <ItemGroup>
    <ResourceCompile Include="Reader_zh-cn.rc">
      <Filter>Resource Files</Filter>
    </ResourceCompile>
  </ItemGroup>
  <ItemGroup>
    <Image Include="small.ico">
      <Filter>Resource Files</Filter>
    </Image>
    <Image Include="Reader.ico">
      <Filter>Resource Files</Filter>
    </Image>
    <Image Include="picker.bmp">
      <Filter>Resource Files</Filter>
    </Image>
    <Image Include="loading.gif">
      <Filter>Resource Files</Filter>
    </Image>
    <Image Include="book.ico">
      <Filter>Resource Files</Filter>
    </Image>
    <Image Include="new.png">
      <Filter>Resource Files</Filter>
    </Image>
  </ItemGroup>
  <ItemGroup>
    <None Include="picker.cur">
      <Filter>Resource Files</Filter>
    </None>
  </ItemGroup>
</Project>